
Microsoft Visual Studio Solution File, Format Version 12.00
# Visual Studio Version 16
VisualStudioVersion = 16.0.32002.261
MinimumVisualStudioVersion = 10.0.40219.1
Project("{FAE04EC0-301F-11D3-BF4B-00C04F79EFBC}") = "Sanction_Scanner_Case", "Sanction_Scanner_Case\Sanction_Scanner_Case.csproj", "{43F9C1D0-E884-4C7F-9988-638855C8CCD4}"
EndProject
Global
	GlobalSection(SolutionConfigurationPlatforms) = preSolution
		Debug|Any CPU = Debug|Any CPU
		Release|Any CPU = Release|Any CPU
	EndGlobalSection
	GlobalSection(ProjectConfigurationPlatforms) = postSolution
		{43F9C1D0-E884-4C7F-9988-638855C8CCD4}.Debug|Any CPU.ActiveCfg = Debug|Any CPU
		{43F9C1D0-E884-4C7F-9988-638855C8CCD4}.Debug|Any CPU.Build.0 = Debug|Any CPU
		{43F9C1D0-E884-4C7F-9988-638855C8CCD4}.Release|Any CPU.ActiveCfg = Release|Any CPU
		{43F9C1D0-E884-4C7F-9988-638855C8CCD4}.Release|Any CPU.Build.0 = Release|Any CPU
	EndGlobalSection
	GlobalSection(SolutionProperties) = preSolution
		HideSolutionNode = FALSE
	EndGlobalSection
	GlobalSection(ExtensibilityGlobals) = postSolution
		SolutionGuid = {A34654C9-F84E-44C0-AA2E-FDE394F382B7}
	EndGlobalSection
EndGlobal
